lockfileVersion: '9.0'

settings:
  autoInstallPeers: true
  excludeLinksFromLockfile: false

importers:

  .:
    dependencies:
      '@tanstack/react-query':
        specifier: ^5.99.0
        version: 5.99.0(react@19.2.5)

packages:

  '@tanstack/query-core@5.99.0':
    resolution: {integrity: sha512-3Jv3WQG0BCcH7G+7lf/bP8QyBfJOXeY+T08Rin3GZ1bshvwlbPt7NrDHMEzGdKIOmOzvIQmxjk28YEQX60k7pQ==}

  '@tanstack/react-query@5.99.0':
    resolution: {integrity: sha512-OY2bCqPemT1LlqJ8Y2CUau4KELnIhhG9Ol3ZndPbdnB095pRbPo1cHuXTndg8iIwtoHTgwZjyaDnQ0xD0mYwAw==}
    peerDependencies:
      react: ^18 || ^19

  react@19.2.5:
    resolution: {integrity: sha512-llUJLzz1zTUBrskt2pwZgLq59AemifIftw4aB7JxOqf1HY2FDaGDxgwpAPVzHU1kdWabH7FauP4i1oEeer2WCA==}
    engines: {node: '>=0.10.0'}

snapshots:

  '@tanstack/query-core@5.99.0': {}

  '@tanstack/react-query@5.99.0(react@19.2.5)':
    dependencies:
      '@tanstack/query-core': 5.99.0
      react: 19.2.5

  react@19.2.5: {}
